
Microsoft Visual Studio Solution File, Format Version 12.00
# Visual Studio Version 17
VisualStudioVersion = 17.4.33122.133
MinimumVisualStudioVersion = 10.0.40219.1
Project("{FAE04EC0-301F-11D3-BF4B-00C04F79EFBC}") = "lvl7_yana", "lvl7_yana\lvl7_yana.csproj", "{F759175B-D43F-43AA-A500-959101B7F4E5}"
EndProject
Global
	GlobalSection(SolutionConfigurationPlatforms) = preSolution
		Debug|Any CPU = Debug|Any CPU
		Release|Any CPU = Release|Any CPU
	EndGlobalSection
	GlobalSection(ProjectConfigurationPlatforms) = postSolution
		{F759175B-D43F-43AA-A500-959101B7F4E5}.Debug|Any CPU.ActiveCfg = Debug|Any CPU
		{F759175B-D43F-43AA-A500-959101B7F4E5}.Debug|Any CPU.Build.0 = Debug|Any CPU
		{F759175B-D43F-43AA-A500-959101B7F4E5}.Release|Any CPU.ActiveCfg = Release|Any CPU
		{F759175B-D43F-43AA-A500-959101B7F4E5}.Release|Any CPU.Build.0 = Release|Any CPU
	EndGlobalSection
	GlobalSection(SolutionProperties) = preSolution
		HideSolutionNode = FALSE
	EndGlobalSection
	GlobalSection(ExtensibilityGlobals) = postSolution
		SolutionGuid = {7CDFB108-BE69-4A06-9501-10D2E230E564}
	EndGlobalSection
EndGlobal
